
Microsoft Visual Studio Solution File, Format Version 12.00
# Visual Studio Version 17
VisualStudioVersion = 17.3.32901.215
MinimumVisualStudioVersion = 10.0.40219.1
Project("{8BC9CEB8-8B4A-11D0-8D11-00A0C91BC942}") = "netphys_client", "netphys_client\netphys_client.vcxproj", "{40C33161-48D8-4A38-88D4-80028F5C11EB}"
EndProject
Project("{8BC9CEB8-8B4A-11D0-8D11-00A0C91BC942}") = "netphys_server", "netphys_server\netphys_server.vcxproj", "{EDFF42BD-B9AE-4733-BC58-EDBAA5FBAB7B}"
EndProject
Project("{8BC9CEB8-8B4A-11D0-8D11-00A0C91BC942}") = "ode", "ode\build\vs2008\ode.vcxproj", "{F264405F-8671-F74A-B182-BBBB7161691B}"
EndProject
Project("{8BC9CEB8-8B4A-11D0-8D11-00A0C91BC942}") = "drawstuff", "ode\build\vs2008\drawstuff.vcxproj", "{82526361-85FA-5843-A1BD-041A519ED4F5}"
EndProject
Global
	GlobalSection(SolutionConfigurationPlatforms) = preSolution
		Debug|x64 = Debug|x64
		Debug|x86 = Debug|x86
		DebugDoubleDLL|x64 = DebugDoubleDLL|x64
		DebugDoubleDLL|x86 = DebugDoubleDLL|x86
		DebugDoubleLib|x64 = DebugDoubleLib|x64
		DebugDoubleLib|x86 = DebugDoubleLib|x86
		DebugSingleDLL|x64 = DebugSingleDLL|x64
		DebugSingleDLL|x86 = DebugSingleDLL|x86
		DebugSingleLib|x64 = DebugSingleLib|x64
		DebugSingleLib|x86 = DebugSingleLib|x86
		Release|x64 = Release|x64
		Release|x86 = Release|x86
		ReleaseDoubleDLL|x64 = ReleaseDoubleDLL|x64
		ReleaseDoubleDLL|x86 = ReleaseDoubleDLL|x86
		ReleaseDoubleLib|x64 = ReleaseDoubleLib|x64
		ReleaseDoubleLib|x86 = ReleaseDoubleLib|x86
		ReleaseSingleDLL|x64 = ReleaseSingleDLL|x64
		ReleaseSingleDLL|x86 = ReleaseSingleDLL|x86
		ReleaseSingleLib|x64 = ReleaseSingleLib|x64
		ReleaseSingleLib|x86 = ReleaseSingleLib|x86
	EndGlobalSection
	GlobalSection(ProjectConfigurationPlatforms) = postSolution
		{40C33161-48D8-4A38-88D4-80028F5C11EB}.Debug|x64.ActiveCfg = Debug|x64
		{40C33161-48D8-4A38-88D4-80028F5C11EB}.Debug|x64.Build.0 = Debug|x64
		{40C33161-48D8-4A38-88D4-80028F5C11EB}.Debug|x86.ActiveCfg = Debug|Win32
		{40C33161-48D8-4A38-88D4-80028F5C11EB}.Debug|x86.Build.0 = Debug|Win32
		{40C33161-48D8-4A38-88D4-80028F5C11EB}.DebugDoubleDLL|x64.ActiveCfg = Debug|x64
		{40C33161-48D8-4A38-88D4-80028F5C11EB}.DebugDoubleDLL|x64.Build.0 = Debug|x64
		{40C33161-48D8-4A38-88D4-80028F5C11EB}.DebugDoubleDLL|x86.ActiveCfg = Debug|Win32
		{40C33161-48D8-4A38-88D4-80028F5C11EB}.DebugDoubleDLL|x86.Build.0 = Debug|Win32
		{40C33161-48D8-4A38-88D4-80028F5C11EB}.DebugDoubleLib|x64.ActiveCfg = Debug|x64
		{40C33161-48D8-4A38-88D4-80028F5C11EB}.DebugDoubleLib|x64.Build.0 = Debug|x64
		{40C33161-48D8-4A38-88D4-80028F5C11EB}.DebugDoubleLib|x86.ActiveCfg = Debug|Win32
		{40C33161-48D8-4A38-88D4-80028F5C11EB}.DebugDoubleLib|x86.Build.0 = Debug|Win32
		{40C33161-48D8-4A38-88D4-80028F5C11EB}.DebugSingleDLL|x64.ActiveCfg = Debug|x64
		{40C33161-48D8-4A38-88D4-80028F5C11EB}.DebugSingleDLL|x64.Build.0 = Debug|x64
		{40C33161-48D8-4A38-88D4-80028F5C11EB}.DebugSingleDLL|x86.ActiveCfg = Debug|Win32
		{40C33161-48D8-4A38-88D4-80028F5C11EB}.DebugSingleDLL|x86.Build.0 = Debug|Win32
		{40C33161-48D8-4A38-88D4-80028F5C11EB}.DebugSingleLib|x64.ActiveCfg = Debug|x64
		{40C33161-48D8-4A38-88D4-80028F5C11EB}.DebugSingleLib|x64.Build.0 = Debug|x64
		{40C33161-48D8-4A38-88D4-80028F5C11EB}.DebugSingleLib|x86.ActiveCfg = Debug|Win32
		{40C33161-48D8-4A38-88D4-80028F5C11EB}.DebugSingleLib|x86.Build.0 = Debug|Win32
		{40C33161-48D8-4A38-88D4-80028F5C11EB}.Release|x64.ActiveCfg = Release|x64
		{40C33161-48D8-4A38-88D4-80028F5C11EB}.Release|x64.Build.0 = Release|x64
		{40C33161-48D8-4A38-88D4-80028F5C11EB}.Release|x86.ActiveCfg = Release|Win32
		{40C33161-48D8-4A38-88D4-80028F5C11EB}.Release|x86.Build.0 = Release|Win32
		{40C33161-48D8-4A38-88D4-80028F5C11EB}.ReleaseDoubleDLL|x64.ActiveCfg = Release|x64
		{40C33161-48D8-4A38-88D4-80028F5C11EB}.ReleaseDoubleDLL|x64.Build.0 = Release|x64
		{40C33161-48D8-4A38-88D4-80028F5C11EB}.ReleaseDoubleDLL|x86.ActiveCfg = Release|Win32
		{40C33161-48D8-4A38-88D4-80028F5C11EB}.ReleaseDoubleDLL|x86.Build.0 = Release|Win32
		{40C33161-48D8-4A38-88D4-80028F5C11EB}.ReleaseDoubleLib|x64.ActiveCfg = Release|x64
		{40C33161-48D8-4A38-88D4-80028F5C11EB}.ReleaseDoubleLib|x64.Build.0 = Release|x64
		{40C33161-48D8-4A38-88D4-80028F5C11EB}.ReleaseDoubleLib|x86.ActiveCfg = Release|Win32
		{40C33161-48D8-4A38-88D4-80028F5C11EB}.ReleaseDoubleLib|x86.Build.0 = Release|Win32
		{40C33161-48D8-4A38-88D4-80028F5C11EB}.ReleaseSingleDLL|x64.ActiveCfg = Release|x64
		{40C33161-48D8-4A38-88D4-80028F5C11EB}.ReleaseSingleDLL|x64.Build.0 = Release|x64
		{40C33161-48D8-4A38-88D4-80028F5C11EB}.ReleaseSingleDLL|x86.ActiveCfg = Release|Win32
		{40C33161-48D8-4A38-88D4-80028F5C11EB}.ReleaseSingleDLL|x86.Build.0 = Release|Win32
		{40C33161-48D8-4A38-88D4-80028F5C11EB}.ReleaseSingleLib|x64.ActiveCfg = Release|x64
		{40C33161-48D8-4A38-88D4-80028F5C11EB}.ReleaseSingleLib|x64.Build.0 = Release|x64
		{40C33161-48D8-4A38-88D4-80028F5C11EB}.ReleaseSingleLib|x86.ActiveCfg = Release|Win32
		{40C33161-48D8-4A38-88D4-80028F5C11EB}.ReleaseSingleLib|x86.Build.0 = Release|Win32
		{EDFF42BD-B9AE-4733-BC58-EDBAA5FBAB7B}.Debug|x64.ActiveCfg = Debug|x64
		{EDFF42BD-B9AE-4733-BC58-EDBAA5FBAB7B}.Debug|x64.Build.0 = Debug|x64
		{EDFF42BD-B9AE-4733-BC58-EDBAA5FBAB7B}.Debug|x86.ActiveCfg = Debug|Win32
		{EDFF42BD-B9AE-4733-BC58-EDBAA5FBAB7B}.Debug|x86.Build.0 = Debug|Win32
		{EDFF42BD-B9AE-4733-BC58-EDBAA5FBAB7B}.DebugDoubleDLL|x64.ActiveCfg = Debug|x64
		{EDFF42BD-B9AE-4733-BC58-EDBAA5FBAB7B}.DebugDoubleDLL|x64.Build.0 = Debug|x64
		{EDFF42BD-B9AE-4733-BC58-EDBAA5FBAB7B}.DebugDoubleDLL|x86.ActiveCfg = Debug|Win32
		{EDFF42BD-B9AE-4733-BC58-EDBAA5FBAB7B}.DebugDoubleDLL|x86.Build.0 = Debug|Win32
		{EDFF42BD-B9AE-4733-BC58-EDBAA5FBAB7B}.DebugDoubleLib|x64.ActiveCfg = Debug|x64
		{EDFF42BD-B9AE-4733-BC58-EDBAA5FBAB7B}.DebugDoubleLib|x64.Build.0 = Debug|x64
		{EDFF42BD-B9AE-4733-BC58-EDBAA5FBAB7B}.DebugDoubleLib|x86.ActiveCfg = Debug|Win32
		{EDFF42BD-B9AE-4733-BC58-EDBAA5FBAB7B}.DebugDoubleLib|x86.Build.0 = Debug|Win32
		{EDFF42BD-B9AE-4733-BC58-EDBAA5FBAB7B}.DebugSingleDLL|x64.ActiveCfg = Debug|x64
		{EDFF42BD-B9AE-4733-BC58-EDBAA5FBAB7B}.DebugSingleDLL|x64.Build.0 = Debug|x64
		{EDFF42BD-B9AE-4733-BC58-EDBAA5FBAB7B}.DebugSingleDLL|x86.ActiveCfg = Debug|Win32
		{EDFF42BD-B9AE-4733-BC58-EDBAA5FBAB7B}.DebugSingleDLL|x86.Build.0 = Debug|Win32
		{EDFF42BD-B9AE-4733-BC58-EDBAA5FBAB7B}.DebugSingleLib|x64.ActiveCfg = Debug|x64
		{EDFF42BD-B9AE-4733-BC58-EDBAA5FBAB7B}.DebugSingleLib|x64.Build.0 = Debug|x64
		{EDFF42BD-B9AE-4733-BC58-EDBAA5FBAB7B}.DebugSingleLib|x86.ActiveCfg = Debug|Win32
		{EDFF42BD-B9AE-4733-BC58-EDBAA5FBAB7B}.DebugSingleLib|x86.Build.0 = Debug|Win32
		{EDFF42BD-B9AE-4733-BC58-EDBAA5FBAB7B}.Release|x64.ActiveCfg = Release|x64
		{EDFF42BD-B9AE-4733-BC58-EDBAA5FBAB7B}.Release|x64.Build.0 = Release|x64
		{EDFF42BD-B9AE-4733-BC58-EDBAA5FBAB7B}.Release|x86.ActiveCfg = Release|Win32
		{EDFF42BD-B9AE-4733-BC58-EDBAA5FBAB7B}.Release|x86.Build.0 = Release|Win32
		{EDFF42BD-B9AE-4733-BC58-EDBAA5FBAB7B}.ReleaseDoubleDLL|x64.ActiveCfg = Release|x64
		{EDFF42BD-B9AE-4733-BC58-EDBAA5FBAB7B}.ReleaseDoubleDLL|x64.Build.0 = Release|x64
		{EDFF42BD-B9AE-4733-BC58-EDBAA5FBAB7B}.ReleaseDoubleDLL|x86.ActiveCfg = Release|Win32
		{EDFF42BD-B9AE-4733-BC58-EDBAA5FBAB7B}.ReleaseDoubleDLL|x86.Build.0 = Release|Win32
		{EDFF42BD-B9AE-4733-BC58-EDBAA5FBAB7B}.ReleaseDoubleLib|x64.ActiveCfg = Release|x64
		{EDFF42BD-B9AE-4733-BC58-EDBAA5FBAB7B}.ReleaseDoubleLib|x64.Build.0 = Release|x64
		{EDFF42BD-B9AE-4733-BC58-EDBAA5FBAB7B}.ReleaseDoubleLib|x86.ActiveCfg = Release|Win32
		{EDFF42BD-B9AE-4733-BC58-EDBAA5FBAB7B}.ReleaseDoubleLib|x86.Build.0 = Release|Win32
		{EDFF42BD-B9AE-4733-BC58-EDBAA5FBAB7B}.ReleaseSingleDLL|x64.ActiveCfg = Release|x64
		{EDFF42BD-B9AE-4733-BC58-EDBAA5FBAB7B}.ReleaseSingleDLL|x64.Build.0 = Release|x64
		{EDFF42BD-B9AE-4733-BC58-EDBAA5FBAB7B}.ReleaseSingleDLL|x86.ActiveCfg = Release|Win32
		{EDFF42BD-B9AE-4733-BC58-EDBAA5FBAB7B}.ReleaseSingleDLL|x86.Build.0 = Release|Win32
		{EDFF42BD-B9AE-4733-BC58-EDBAA5FBAB7B}.ReleaseSingleLib|x64.ActiveCfg = Release|x64
		{EDFF42BD-B9AE-4733-BC58-EDBAA5FBAB7B}.ReleaseSingleLib|x64.Build.0 = Release|x64
		{EDFF42BD-B9AE-4733-BC58-EDBAA5FBAB7B}.ReleaseSingleLib|x86.ActiveCfg = Release|Win32
		{EDFF42BD-B9AE-4733-BC58-EDBAA5FBAB7B}.ReleaseSingleLib|x86.Build.0 = Release|Win32
		{F264405F-8671-F74A-B182-BBBB7161691B}.Debug|x64.ActiveCfg = DebugSingleLib|Win32
		{F264405F-8671-F74A-B182-BBBB7161691B}.Debug|x64.Build.0 = DebugSingleLib|Win32
		{F264405F-8671-F74A-B182-BBBB7161691B}.Debug|x86.ActiveCfg = DebugDoubleDLL|Win32
		{F264405F-8671-F74A-B182-BBBB7161691B}.Debug|x86.Build.0 = DebugDoubleDLL|Win32
		{F264405F-8671-F74A-B182-BBBB7161691B}.DebugDoubleDLL|x64.ActiveCfg = DebugDoubleDLL|Win32
		{F264405F-8671-F74A-B182-BBBB7161691B}.DebugDoubleDLL|x64.Build.0 = DebugDoubleDLL|Win32
		{F264405F-8671-F74A-B182-BBBB7161691B}.DebugDoubleDLL|x86.ActiveCfg = DebugDoubleDLL|Win32
		{F264405F-8671-F74A-B182-BBBB7161691B}.DebugDoubleDLL|x86.Build.0 = DebugDoubleDLL|Win32
		{F264405F-8671-F74A-B182-BBBB7161691B}.DebugDoubleLib|x64.ActiveCfg = DebugDoubleLib|Win32
		{F264405F-8671-F74A-B182-BBBB7161691B}.DebugDoubleLib|x64.Build.0 = DebugDoubleLib|Win32
		{F264405F-8671-F74A-B182-BBBB7161691B}.DebugDoubleLib|x86.ActiveCfg = DebugDoubleLib|Win32
		{F264405F-8671-F74A-B182-BBBB7161691B}.DebugDoubleLib|x86.Build.0 = DebugDoubleLib|Win32
		{F264405F-8671-F74A-B182-BBBB7161691B}.DebugSingleDLL|x64.ActiveCfg = DebugSingleDLL|Win32
		{F264405F-8671-F74A-B182-BBBB7161691B}.DebugSingleDLL|x64.Build.0 = DebugSingleDLL|Win32
		{F264405F-8671-F74A-B182-BBBB7161691B}.DebugSingleDLL|x86.ActiveCfg = DebugSingleDLL|Win32
		{F264405F-8671-F74A-B182-BBBB7161691B}.DebugSingleDLL|x86.Build.0 = DebugSingleDLL|Win32
		{F264405F-8671-F74A-B182-BBBB7161691B}.DebugSingleLib|x64.ActiveCfg = DebugSingleLib|Win32
		{F264405F-8671-F74A-B182-BBBB7161691B}.DebugSingleLib|x64.Build.0 = DebugSingleLib|Win32
		{F264405F-8671-F74A-B182-BBBB7161691B}.DebugSingleLib|x86.ActiveCfg = DebugSingleLib|Win32
		{F264405F-8671-F74A-B182-BBBB7161691B}.DebugSingleLib|x86.Build.0 = DebugSingleLib|Win32
		{F264405F-8671-F74A-B182-BBBB7161691B}.Release|x64.ActiveCfg = ReleaseSingleLib|Win32
		{F264405F-8671-F74A-B182-BBBB7161691B}.Release|x64.Build.0 = ReleaseSingleLib|Win32
		{F264405F-8671-F74A-B182-BBBB7161691B}.Release|x86.ActiveCfg = ReleaseDoubleDLL|Win32
		{F264405F-8671-F74A-B182-BBBB7161691B}.Release|x86.Build.0 = ReleaseDoubleDLL|Win32
		{F264405F-8671-F74A-B182-BBBB7161691B}.ReleaseDoubleDLL|x64.ActiveCfg = ReleaseDoubleDLL|Win32
		{F264405F-8671-F74A-B182-BBBB7161691B}.ReleaseDoubleDLL|x64.Build.0 = ReleaseDoubleDLL|Win32
		{F264405F-8671-F74A-B182-BBBB7161691B}.ReleaseDoubleDLL|x86.ActiveCfg = ReleaseDoubleDLL|Win32
		{F264405F-8671-F74A-B182-BBBB7161691B}.ReleaseDoubleDLL|x86.Build.0 = ReleaseDoubleDLL|Win32
		{F264405F-8671-F74A-B182-BBBB7161691B}.ReleaseDoubleLib|x64.ActiveCfg = ReleaseDoubleLib|Win32
		{F264405F-8671-F74A-B182-BBBB7161691B}.ReleaseDoubleLib|x64.Build.0 = ReleaseDoubleLib|Win32
		{F264405F-8671-F74A-B182-BBBB7161691B}.ReleaseDoubleLib|x86.ActiveCfg = ReleaseDoubleLib|Win32
		{F264405F-8671-F74A-B182-BBBB7161691B}.ReleaseDoubleLib|x86.Build.0 = ReleaseDoubleLib|Win32
		{F264405F-8671-F74A-B182-BBBB7161691B}.ReleaseSingleDLL|x64.ActiveCfg = ReleaseSingleDLL|Win32
		{F264405F-8671-F74A-B182-BBBB7161691B}.ReleaseSingleDLL|x64.Build.0 = ReleaseSingleDLL|Win32
		{F264405F-8671-F74A-B182-BBBB7161691B}.ReleaseSingleDLL|x86.ActiveCfg = ReleaseSingleDLL|Win32
		{F264405F-8671-F74A-B182-BBBB7161691B}.ReleaseSingleDLL|x86.Build.0 = ReleaseSingleDLL|Win32
		{F264405F-8671-F74A-B182-BBBB7161691B}.ReleaseSingleLib|x64.ActiveCfg = ReleaseSingleLib|Win32
		{F264405F-8671-F74A-B182-BBBB7161691B}.ReleaseSingleLib|x64.Build.0 = ReleaseSingleLib|Win32
		{F264405F-8671-F74A-B182-BBBB7161691B}.ReleaseSingleLib|x86.ActiveCfg = ReleaseSingleLib|Win32
		{F264405F-8671-F74A-B182-BBBB7161691B}.ReleaseSingleLib|x86.Build.0 = ReleaseSingleLib|Win32
		{82526361-85FA-5843-A1BD-041A519ED4F5}.Debug|x64.ActiveCfg = DebugSingleLib|Win32
		{82526361-85FA-5843-A1BD-041A519ED4F5}.Debug|x64.Build.0 = DebugSingleLib|Win32
		{82526361-85FA-5843-A1BD-041A519ED4F5}.Debug|x86.ActiveCfg = DebugDoubleDLL|Win32
		{82526361-85FA-5843-A1BD-041A519ED4F5}.Debug|x86.Build.0 = DebugDoubleDLL|Win32
		{82526361-85FA-5843-A1BD-041A519ED4F5}.DebugDoubleDLL|x64.ActiveCfg = DebugDoubleDLL|Win32
		{82526361-85FA-5843-A1BD-041A519ED4F5}.DebugDoubleDLL|x64.Build.0 = DebugDoubleDLL|Win32
		{82526361-85FA-5843-A1BD-041A519ED4F5}.DebugDoubleDLL|x86.ActiveCfg = DebugDoubleDLL|Win32
		{82526361-85FA-5843-A1BD-041A519ED4F5}.DebugDoubleDLL|x86.Build.0 = DebugDoubleDLL|Win32
		{82526361-85FA-5843-A1BD-041A519ED4F5}.DebugDoubleLib|x64.ActiveCfg = DebugDoubleLib|Win32
		{82526361-85FA-5843-A1BD-041A519ED4F5}.DebugDoubleLib|x64.Build.0 = DebugDoubleLib|Win32
		{82526361-85FA-5843-A1BD-041A519ED4F5}.DebugDoubleLib|x86.ActiveCfg = DebugDoubleLib|Win32
		{82526361-85FA-5843-A1BD-041A519ED4F5}.DebugDoubleLib|x86.Build.0 = DebugDoubleLib|Win32
		{82526361-85FA-5843-A1BD-041A519ED4F5}.DebugSingleDLL|x64.ActiveCfg = DebugSingleDLL|Win32
		{82526361-85FA-5843-A1BD-041A519ED4F5}.DebugSingleDLL|x64.Build.0 = DebugSingleDLL|Win32
		{82526361-85FA-5843-A1BD-041A519ED4F5}.DebugSingleDLL|x86.ActiveCfg = DebugSingleDLL|Win32
		{82526361-85FA-5843-A1BD-041A519ED4F5}.DebugSingleDLL|x86.Build.0 = DebugSingleDLL|Win32
		{82526361-85FA-5843-A1BD-041A519ED4F5}.DebugSingleLib|x64.ActiveCfg = DebugSingleLib|Win32
		{82526361-85FA-5843-A1BD-041A519ED4F5}.DebugSingleLib|x64.Build.0 = DebugSingleLib|Win32
		{82526361-85FA-5843-A1BD-041A519ED4F5}.DebugSingleLib|x86.ActiveCfg = DebugSingleLib|Win32
		{82526361-85FA-5843-A1BD-041A519ED4F5}.DebugSingleLib|x86.Build.0 = DebugSingleLib|Win32
		{82526361-85FA-5843-A1BD-041A519ED4F5}.Release|x64.ActiveCfg = ReleaseSingleLib|Win32
		{82526361-85FA-5843-A1BD-041A519ED4F5}.Release|x64.Build.0 = ReleaseSingleLib|Win32
		{82526361-85FA-5843-A1BD-041A519ED4F5}.Release|x86.ActiveCfg = ReleaseDoubleDLL|Win32
		{82526361-85FA-5843-A1BD-041A519ED4F5}.Release|x86.Build.0 = ReleaseDoubleDLL|Win32
		{82526361-85FA-5843-A1BD-041A519ED4F5}.ReleaseDoubleDLL|x64.ActiveCfg = ReleaseDoubleDLL|Win32
		{82526361-85FA-5843-A1BD-041A519ED4F5}.ReleaseDoubleDLL|x64.Build.0 = ReleaseDoubleDLL|Win32
		{82526361-85FA-5843-A1BD-041A519ED4F5}.ReleaseDoubleDLL|x86.ActiveCfg = ReleaseDoubleDLL|Win32
		{82526361-85FA-5843-A1BD-041A519ED4F5}.ReleaseDoubleDLL|x86.Build.0 = ReleaseDoubleDLL|Win32
		{82526361-85FA-5843-A1BD-041A519ED4F5}.ReleaseDoubleLib|x64.ActiveCfg = ReleaseDoubleLib|Win32
		{82526361-85FA-5843-A1BD-041A519ED4F5}.ReleaseDoubleLib|x64.Build.0 = ReleaseDoubleLib|Win32
		{82526361-85FA-5843-A1BD-041A519ED4F5}.ReleaseDoubleLib|x86.ActiveCfg = ReleaseDoubleLib|Win32
		{82526361-85FA-5843-A1BD-041A519ED4F5}.ReleaseDoubleLib|x86.Build.0 = ReleaseDoubleLib|Win32
		{82526361-85FA-5843-A1BD-041A519ED4F5}.ReleaseSingleDLL|x64.ActiveCfg = ReleaseSingleDLL|Win32
		{82526361-85FA-5843-A1BD-041A519ED4F5}.ReleaseSingleDLL|x64.Build.0 = ReleaseSingleDLL|Win32
		{82526361-85FA-5843-A1BD-041A519ED4F5}.ReleaseSingleDLL|x86.ActiveCfg = ReleaseSingleDLL|Win32
		{82526361-85FA-5843-A1BD-041A519ED4F5}.ReleaseSingleDLL|x86.Build.0 = ReleaseSingleDLL|Win32
		{82526361-85FA-5843-A1BD-041A519ED4F5}.ReleaseSingleLib|x64.ActiveCfg = ReleaseSingleLib|Win32
		{82526361-85FA-5843-A1BD-041A519ED4F5}.ReleaseSingleLib|x64.Build.0 = ReleaseSingleLib|Win32
		{82526361-85FA-5843-A1BD-041A519ED4F5}.ReleaseSingleLib|x86.ActiveCfg = ReleaseSingleLib|Win32
		{82526361-85FA-5843-A1BD-041A519ED4F5}.ReleaseSingleLib|x86.Build.0 = ReleaseSingleLib|Win32
	EndGlobalSection
	GlobalSection(SolutionProperties) = preSolution
		HideSolutionNode = FALSE
	EndGlobalSection
	GlobalSection(ExtensibilityGlobals) = postSolution
		SolutionGuid = {B1CB398A-8BF7-452C-9775-E3AE6DE4E651}
	EndGlobalSection
EndGlobal
